
Microsoft Visual Studio Solution File, Format Version 12.00
# Visual Studio 14
VisualStudioVersion = 14.0.25420.1
MinimumVisualStudioVersion = 10.0.40219.1
Project("{FAE04EC0-301F-11D3-BF4B-00C04F79EFBC}") = "Lawer Project API", "Lawer Project\Lawer Project API.csproj", "{9F7100C3-F8B0-4800-B78F-21CE74706554}"
EndProject
Project("{FAE04EC0-301F-11D3-BF4B-00C04F79EFBC}") = "Lawer Project Application", "Lawer Project Application\Lawer Project Application.csproj", "{20269871-3C40-469A-A0E0-A93D12F41862}"
EndProject
Global
	GlobalSection(SolutionConfigurationPlatforms) = preSolution
		Debug|Any CPU = Debug|Any CPU
		Release|Any CPU = Release|Any CPU
	EndGlobalSection
	GlobalSection(ProjectConfigurationPlatforms) = postSolution
		{9F7100C3-F8B0-4800-B78F-21CE74706554}.Debug|Any CPU.ActiveCfg = Debug|Any CPU
		{9F7100C3-F8B0-4800-B78F-21CE74706554}.Debug|Any CPU.Build.0 = Debug|Any CPU
		{9F7100C3-F8B0-4800-B78F-21CE74706554}.Release|Any CPU.ActiveCfg = Release|Any CPU
		{9F7100C3-F8B0-4800-B78F-21CE74706554}.Release|Any CPU.Build.0 = Release|Any CPU
		{20269871-3C40-469A-A0E0-A93D12F41862}.Debug|Any CPU.ActiveCfg = Debug|Any CPU
		{20269871-3C40-469A-A0E0-A93D12F41862}.Debug|Any CPU.Build.0 = Debug|Any CPU
		{20269871-3C40-469A-A0E0-A93D12F41862}.Release|Any CPU.ActiveCfg = Release|Any CPU
		{20269871-3C40-469A-A0E0-A93D12F41862}.Release|Any CPU.Build.0 = Release|Any CPU
	EndGlobalSection
	GlobalSection(SolutionProperties) = preSolution
		HideSolutionNode = FALSE
	EndGlobalSection
EndGlobal
